
Microsoft Visual Studio Solution File, Format Version 11.00
# Visual Studio 2010
Project("{FAE04EC0-301F-11D3-BF4B-00C04F79EFBC}") = "MessagePack", "MessagePack.csproj", "{E806B116-7858-1F0A-BCB0-89E61F8AEA74}"
EndProject
Project("{FAE04EC0-301F-11D3-BF4B-00C04F79EFBC}") = "MagicOnion", "MagicOnion.csproj", "{5F660E41-B555-98E0-34A3-687E3B3800E1}"
EndProject
Project("{FAE04EC0-301F-11D3-BF4B-00C04F79EFBC}") = "MagicOnion.Abstractions", "MagicOnion.Abstractions.csproj", "{12853186-927F-0D6A-0D6B-8AAACFE70FC9}"
EndProject
Project("{FAE04EC0-301F-11D3-BF4B-00C04F79EFBC}") = "Assembly-CSharp", "Assembly-CSharp.csproj", "{623774EB-AA62-CA95-02F9-EC8B69152812}"
EndProject
Project("{FAE04EC0-301F-11D3-BF4B-00C04F79EFBC}") = "MagicOnion.Unity", "MagicOnion.Unity.csproj", "{E9A89D10-A4B1-7876-C019-11630338F43D}"
EndProject
Global
	GlobalSection(SolutionConfigurationPlatforms) = preSolution
		Debug|Any CPU = Debug|Any CPU
		Release|Any CPU = Release|Any CPU
	EndGlobalSection
	GlobalSection(ProjectConfigurationPlatforms) = postSolution
		{E806B116-7858-1F0A-BCB0-89E61F8AEA74}.Debug|Any CPU.ActiveCfg = Debug|Any CPU
		{E806B116-7858-1F0A-BCB0-89E61F8AEA74}.Debug|Any CPU.Build.0 = Debug|Any CPU
		{E806B116-7858-1F0A-BCB0-89E61F8AEA74}.Release|Any CPU.ActiveCfg = Release|Any CPU
		{E806B116-7858-1F0A-BCB0-89E61F8AEA74}.Release|Any CPU.Build.0 = Release|Any CPU
		{5F660E41-B555-98E0-34A3-687E3B3800E1}.Debug|Any CPU.ActiveCfg = Debug|Any CPU
		{5F660E41-B555-98E0-34A3-687E3B3800E1}.Debug|Any CPU.Build.0 = Debug|Any CPU
		{5F660E41-B555-98E0-34A3-687E3B3800E1}.Release|Any CPU.ActiveCfg = Release|Any CPU
		{5F660E41-B555-98E0-34A3-687E3B3800E1}.Release|Any CPU.Build.0 = Release|Any CPU
		{12853186-927F-0D6A-0D6B-8AAACFE70FC9}.Debug|Any CPU.ActiveCfg = Debug|Any CPU
		{12853186-927F-0D6A-0D6B-8AAACFE70FC9}.Debug|Any CPU.Build.0 = Debug|Any CPU
		{12853186-927F-0D6A-0D6B-8AAACFE70FC9}.Release|Any CPU.ActiveCfg = Release|Any CPU
		{12853186-927F-0D6A-0D6B-8AAACFE70FC9}.Release|Any CPU.Build.0 = Release|Any CPU
		{623774EB-AA62-CA95-02F9-EC8B69152812}.Debug|Any CPU.ActiveCfg = Debug|Any CPU
		{623774EB-AA62-CA95-02F9-EC8B69152812}.Debug|Any CPU.Build.0 = Debug|Any CPU
		{623774EB-AA62-CA95-02F9-EC8B69152812}.Release|Any CPU.ActiveCfg = Release|Any CPU
		{623774EB-AA62-CA95-02F9-EC8B69152812}.Release|Any CPU.Build.0 = Release|Any CPU
		{E9A89D10-A4B1-7876-C019-11630338F43D}.Debug|Any CPU.ActiveCfg = Debug|Any CPU
		{E9A89D10-A4B1-7876-C019-11630338F43D}.Debug|Any CPU.Build.0 = Debug|Any CPU
		{E9A89D10-A4B1-7876-C019-11630338F43D}.Release|Any CPU.ActiveCfg = Release|Any CPU
		{E9A89D10-A4B1-7876-C019-11630338F43D}.Release|Any CPU.Build.0 = Release|Any CPU
	EndGlobalSection
	GlobalSection(SolutionProperties) = preSolution
		HideSolutionNode = FALSE
	EndGlobalSection
EndGlobal
